
Microsoft Visual Studio Solution File, Format Version 12.00
# Visual Studio 14
VisualStudioVersion = 14.0.23107.0
MinimumVisualStudioVersion = 10.0.40219.1
Project("{8BC9CEB8-8B4A-11D0-8D11-00A0C91BC942}") = "Offer_12_StringPathInMatrix", "Offer_12_StringPathInMatrix\Offer_12_StringPathInMatrix.vcxproj", "{16C4D226-DDC8-4AA2-A28B-BCA11793E2DC}"
EndProject
Project("{8BC9CEB8-8B4A-11D0-8D11-00A0C91BC942}") = "Offer_13_MovingCount", "Offer_13_MovingCount\Offer_13_MovingCount.vcxproj", "{1A4D2FB2-71AD-4308-A84A-F60A903DE617}"
EndProject
Project("{8BC9CEB8-8B4A-11D0-8D11-00A0C91BC942}") = "Offer_17_Print1ToMaxOfNDigits", "Offer_17_Print1ToMaxOfNDigits\Offer_17_Print1ToMaxOfNDigits.vcxproj", "{42F8EC6D-5CE3-4FC8-9FC1-F1DFA7EDC674}"
EndProject
Project("{8BC9CEB8-8B4A-11D0-8D11-00A0C91BC942}") = "LinkList", "LinkList\LinkList.vcxproj", "{2728C07F-50BE-4871-8510-4AFDFE202D2A}"
EndProject
Project("{8BC9CEB8-8B4A-11D0-8D11-00A0C91BC942}") = "Interview2", "Interview\Interview.vcxproj", "{574434FF-B39F-409C-A993-10BB3AC63F8C}"
EndProject
Project("{8BC9CEB8-8B4A-11D0-8D11-00A0C91BC942}") = "Interview4", "Interview4\Interview4.vcxproj", "{314D28F1-2CA6-4866-94EB-53532DCC9A0C}"
EndProject
Project("{8BC9CEB8-8B4A-11D0-8D11-00A0C91BC942}") = "Interview1", "Interview1\Interview1.vcxproj", "{3A0DB151-D193-4BFB-902D-BAF5450B50B7}"
EndProject
Project("{8BC9CEB8-8B4A-11D0-8D11-00A0C91BC942}") = "ACMTest", "ACMTest\ACMTest.vcxproj", "{321302BD-26E4-46BA-96AB-998AAD242ABB}"
EndProject
Project("{8BC9CEB8-8B4A-11D0-8D11-00A0C91BC942}") = "Offer_56_1_SingleNumbers", "Offer_56_1_singleNumbers\Offer_56_1_singleNumbers.vcxproj", "{D7BE19D2-5168-410C-820F-DFE206E39386}"
EndProject
Project("{8BC9CEB8-8B4A-11D0-8D11-00A0C91BC942}") = "Sort_Merge", "Sort_Merge\Sort_Merge.vcxproj", "{D58AC89C-BD81-418A-A6F4-3B6664586EC9}"
EndProject
Project("{8BC9CEB8-8B4A-11D0-8D11-00A0C91BC942}") = "Sort_Quick", "Sort_Quick\Sort_Quick.vcxproj", "{BA47AC22-CB05-4B41-85FA-104EBFDAA29B}"
EndProject
Project("{8BC9CEB8-8B4A-11D0-8D11-00A0C91BC942}") = "WY01", "WY01\WY01.vcxproj", "{F4884926-E9B7-4BC8-8D70-7BFE4128FFCA}"
EndProject
Project("{8BC9CEB8-8B4A-11D0-8D11-00A0C91BC942}") = "WY02", "WY02\WY02.vcxproj", "{4FC0C046-69C9-4AF7-89D6-801540E7C589}"
EndProject
Project("{8BC9CEB8-8B4A-11D0-8D11-00A0C91BC942}") = "SetTest", "SetTest\SetTest.vcxproj", "{71D8357F-B151-458D-9E60-EDE708AB2A59}"
EndProject
Project("{8BC9CEB8-8B4A-11D0-8D11-00A0C91BC942}") = "Offer_39_majorityElement", "Offer_39_majorityElement\Offer_39_majorityElement.vcxproj", "{4D647977-89BE-4AB2-9E40-3133C9973327}"
EndProject
Project("{8BC9CEB8-8B4A-11D0-8D11-00A0C91BC942}") = "Offer_40_GetLeastNumbers", "Offer_40_GetLeastNumbers\Offer_40_GetLeastNumbers.vcxproj", "{22104152-CD08-4707-898C-DD6B757FD836}"
EndProject
Project("{8BC9CEB8-8B4A-11D0-8D11-00A0C91BC942}") = "Moni-01", "Moni-01\Moni-01.vcxproj", "{A4981DAB-8345-4109-9161-8F1A4548EFED}"
EndProject
Project("{8BC9CEB8-8B4A-11D0-8D11-00A0C91BC942}") = "Moni-02", "Moni-02\Moni-02.vcxproj", "{51AB1D9E-EA3E-4D6F-8F9B-103AD43F8D46}"
EndProject
Project("{8BC9CEB8-8B4A-11D0-8D11-00A0C91BC942}") = "Moni-03", "Moni-03\Moni-03.vcxproj", "{2240AA1D-BAD5-428C-AAF0-2F0373BEC0B6}"
EndProject
Project("{8BC9CEB8-8B4A-11D0-8D11-00A0C91BC942}") = "Ali01", "Ali01\Ali01.vcxproj", "{7AB965FA-5E1B-4605-AE83-CF69D2744B6B}"
EndProject
Project("{8BC9CEB8-8B4A-11D0-8D11-00A0C91BC942}") = "Ali02", "Ali02\Ali02.vcxproj", "{222DB153-DD64-4CB2-A7E5-362A6BF041D2}"
EndProject
Project("{8BC9CEB8-8B4A-11D0-8D11-00A0C91BC942}") = "WYHU01", "WYHU01\WYHU01.vcxproj", "{1E222294-CEB3-4591-A92A-28E77049153A}"
EndProject
Project("{8BC9CEB8-8B4A-11D0-8D11-00A0C91BC942}") = "WYHU02", "WYHU02\WYHU02.vcxproj", "{C2F73279-B090-40AF-B870-95C14F8782EC}"
EndProject
Project("{8BC9CEB8-8B4A-11D0-8D11-00A0C91BC942}") = "TX01", "TX01\TX01.vcxproj", "{875D197B-3C2E-4584-9D12-4CBE2A8154B9}"
EndProject
Project("{8BC9CEB8-8B4A-11D0-8D11-00A0C91BC942}") = "TX02", "TX02\TX02.vcxproj", "{E1A374A0-A7F7-4831-9B56-D69355DE3F8D}"
EndProject
Project("{8BC9CEB8-8B4A-11D0-8D11-00A0C91BC942}") = "TX03", "TX03\TX03.vcxproj", "{D4D6B0EE-3FE4-41D8-8C44-1D866AA5D648}"
EndProject
Project("{8BC9CEB8-8B4A-11D0-8D11-00A0C91BC942}") = "TX04", "TX04\TX04.vcxproj", "{C259F93E-705E-440C-A5B2-346FDD2D67E7}"
EndProject
Project("{8BC9CEB8-8B4A-11D0-8D11-00A0C91BC942}") = "Ali-01", "Ali-01\Ali-01.vcxproj", "{0B44EBEF-E9EF-4196-BF5C-1638252F6DA2}"
EndProject
Project("{8BC9CEB8-8B4A-11D0-8D11-00A0C91BC942}") = "Ali-02", "Ali-02\Ali-02.vcxproj", "{FBED1631-357F-411A-BD69-3F8C1E3591BD}"
EndProject
Project("{8BC9CEB8-8B4A-11D0-8D11-00A0C91BC942}") = "Test-01", "Test-01\Test-01.vcxproj", "{7E2B66D0-B9E7-4FE3-91F6-5C78AA98677A}"
EndProject
Project("{8BC9CEB8-8B4A-11D0-8D11-00A0C91BC942}") = "Test-01_2", "Test-01_2\Test-01_2.vcxproj", "{AA272BF2-8714-416C-A54D-117FD709A06B}"
EndProject
Project("{8BC9CEB8-8B4A-11D0-8D11-00A0C91BC942}") = "Test-02", "Test-02\Test-02.vcxproj", "{3E265F78-0020-472C-8359-E1E6BA83F480}"
EndProject
Project("{8BC9CEB8-8B4A-11D0-8D11-00A0C91BC942}") = "Test-03", "Test-03\Test-03.vcxproj", "{8FBDDCC5-A4DB-4332-B5A6-1CC809D9B279}"
EndProject
Project("{8BC9CEB8-8B4A-11D0-8D11-00A0C91BC942}") = "Test-04", "Test-04\Test-04.vcxproj", "{2EE9008D-F127-4C02-9018-0003C863DDCF}"
EndProject
Project("{8BC9CEB8-8B4A-11D0-8D11-00A0C91BC942}") = "Test-05", "Test-05\Test-05.vcxproj", "{E7130F7F-7989-4B0E-9903-DB42A0B37128}"
EndProject
Project("{8BC9CEB8-8B4A-11D0-8D11-00A0C91BC942}") = "Test-06", "Test-06\Test-06.vcxproj", "{13601C8C-B4F9-4C2C-95F7-0CD5CF05CB5A}"
EndProject
Project("{8BC9CEB8-8B4A-11D0-8D11-00A0C91BC942}") = "HuaWei-01", "HuaWei-01\HuaWei-01.vcxproj", "{102EC71B-B640-4F12-B23B-60737695ACF6}"
EndProject
Project("{8BC9CEB8-8B4A-11D0-8D11-00A0C91BC942}") = "test_jy", "test_jy\test_jy.vcxproj", "{4892D09B-A9A8-4E7F-92B9-473419EA2F40}"
EndProject
Project("{8BC9CEB8-8B4A-11D0-8D11-00A0C91BC942}") = "HuaWei-02", "HuaWei-02\HuaWei-02.vcxproj", "{08A5631D-0692-4CF7-AE6E-DB99A3328608}"
EndProject
Project("{8BC9CEB8-8B4A-11D0-8D11-00A0C91BC942}") = "HuaWei-03", "HuaWei-03\HuaWei-03.vcxproj", "{332B9D1A-210E-4307-892E-F884FC6450EB}"
EndProject
Project("{8BC9CEB8-8B4A-11D0-8D11-00A0C91BC942}") = "Offer_55_2_isBalanced", "Offer_55_2_isBalanced\Offer_55_2_isBalanced.vcxproj", "{634DDE44-E578-4DE6-875F-A9C41A438F68}"
EndProject
Project("{8BC9CEB8-8B4A-11D0-8D11-00A0C91BC942}") = "Offer_29_spiralOrder", "Offer_29_spiralOrder\Offer_29_spiralOrder.vcxproj", "{53686F68-7E48-4D78-BD7C-20F6BB713477}"
EndProject
Project("{8BC9CEB8-8B4A-11D0-8D11-00A0C91BC942}") = "Offer_46_translateNum", "Offer_46_translateNum\Offer_46_translateNum.vcxproj", "{595E4E51-5190-4BAD-9591-15D0A8FB7CE3}"
EndProject
Project("{8BC9CEB8-8B4A-11D0-8D11-00A0C91BC942}") = "Offer_47_maxValue", "Offer_47_maxValue\Offer_47_maxValue.vcxproj", "{9654F84E-B39D-423E-9CBD-1B5C6BDADF45}"
EndProject
Project("{8BC9CEB8-8B4A-11D0-8D11-00A0C91BC942}") = "Offer_48_lengthOfLongestSubstring", "Offer_48_lengthOfLongestSubstring\Offer_48_lengthOfLongestSubstring.vcxproj", "{C5184FE8-D967-483F-AD40-BBEBC89FD1BE}"
EndProject
Project("{8BC9CEB8-8B4A-11D0-8D11-00A0C91BC942}") = "Offer_53_search", "Offer_53_search\Offer_53_search.vcxproj", "{463F2F65-0FF8-4CDA-9E27-4C322139E7C0}"
EndProject
Project("{8BC9CEB8-8B4A-11D0-8D11-00A0C91BC942}") = "Offer_54_kthLargest", "Offer_54_kthLargest\Offer_54_kthLargest.vcxproj", "{A9696A97-4793-4A46-89A7-1E537E16EEFF}"
EndProject
Project("{8BC9CEB8-8B4A-11D0-8D11-00A0C91BC942}") = "Offer_57_twoSum", "Offer_57_twoSum\Offer_57_twoSum.vcxproj", "{3C667AF6-3900-4390-BA9D-7446AA533DCB}"
EndProject
Project("{8BC9CEB8-8B4A-11D0-8D11-00A0C91BC942}") = "Offer_57_2_findContinuousSequence", "Offer_57_2_findContinuousSequence\Offer_57_2_findContinuousSequence.vcxproj", "{2285E717-8705-48F9-A4BF-7FA7D604D503}"
EndProject
Project("{8BC9CEB8-8B4A-11D0-8D11-00A0C91BC942}") = "Offer_58_reverseWords", "Offer_58_reverseWords\Offer_58_reverseWords.vcxproj", "{08F509CC-C740-4AFD-8CE5-0F35BFB3531D}"
EndProject
Project("{8BC9CEB8-8B4A-11D0-8D11-00A0C91BC942}") = "Offer_58_2_reverseLeftWords", "Offer_68_2_reverseLeftWords\Offer_68_2_reverseLeftWords.vcxproj", "{529E0772-C395-4EEF-A19B-41E2F7521D69}"
EndProject
Project("{8BC9CEB8-8B4A-11D0-8D11-00A0C91BC942}") = "Sort_Bubble", "Sort_Bubble\Sort_Bubble.vcxproj", "{F55C080F-DEED-4BBB-B147-7EFFF4A0AE5D}"
EndProject
Project("{8BC9CEB8-8B4A-11D0-8D11-00A0C91BC942}") = "Sort_Heap", "Sort_Heap\Sort_Heap.vcxproj", "{FFCAE094-2BB7-433B-A1E2-E7E2136D0DFC}"
EndProject
Project("{8BC9CEB8-8B4A-11D0-8D11-00A0C91BC942}") = "Offer_49_nthUglyNumber", "Offer_49_nthUglyNumber\Offer_49_nthUglyNumber.vcxproj", "{7E886D78-99B0-462F-8C4C-E6201C3DA712}"
EndProject
Project("{8BC9CEB8-8B4A-11D0-8D11-00A0C91BC942}") = "Offer_59_maxSlidingWindow", "Offer_59_maxSlidingWindow\Offer_59_maxSlidingWindow.vcxproj", "{EEEE38CB-F574-4601-A2D6-699BE72E6734}"
EndProject
Project("{8BC9CEB8-8B4A-11D0-8D11-00A0C91BC942}") = "Offer_59_2_MaxQueue", "Offer_59_2_MaxQueue\Offer_59_2_MaxQueue.vcxproj", "{D7EE7923-7AE4-4C57-A4F4-257C327D01AF}"
EndProject
Project("{8BC9CEB8-8B4A-11D0-8D11-00A0C91BC942}") = "Offer_60_dicesProbability", "Offer_60_dicesProbability\Offer_60_dicesProbability.vcxproj", "{E4F747C8-66C0-45A4-94EF-D6152E011543}"
EndProject
Project("{8BC9CEB8-8B4A-11D0-8D11-00A0C91BC942}") = "Offer_61_isStraight", "Offer_61_isStraight\Offer_61_isStraight.vcxproj", "{851E7F21-F56D-4AC3-9772-527206E50A1C}"
EndProject
Project("{8BC9CEB8-8B4A-11D0-8D11-00A0C91BC942}") = "Offer_62_lastRemaining", "Offer_62_lastRemaining\Offer_62_lastRemaining.vcxproj", "{BF40AD58-C8DF-4C8F-AF96-2C2050CC0B38}"
EndProject
Project("{8BC9CEB8-8B4A-11D0-8D11-00A0C91BC942}") = "Offer_63_maxProfit", "Offer_63_maxProfit\Offer_63_maxProfit.vcxproj", "{6BD3E747-0768-4351-9282-2885B05A6E6A}"
EndProject
Project("{8BC9CEB8-8B4A-11D0-8D11-00A0C91BC942}") = "Offer_65_add", "Offer_65_add\Offer_65_add.vcxproj", "{CE687895-BBE2-4CC4-A865-E0A0B7B84A3A}"
EndProject
Project("{8BC9CEB8-8B4A-11D0-8D11-00A0C91BC942}") = "Backpack", "Backpack\Backpack.vcxproj", "{2683DA80-E20F-46F1-B023-01A8C07B656C}"
EndProject
Project("{8BC9CEB8-8B4A-11D0-8D11-00A0C91BC942}") = "Offer_07_buildTree", "Offer_07_buildTree\Offer_07_buildTree.vcxproj", "{76445883-6C52-4AE5-9814-B5332B741745}"
EndProject
Project("{8BC9CEB8-8B4A-11D0-8D11-00A0C91BC942}") = "Offer_06_reversePrint", "Offer_06_reversePrint\Offer_6_reversePrint.vcxproj", "{6FFB5D10-C6A2-4BA2-8470-C5463A3FF47A}"
EndProject
Project("{8BC9CEB8-8B4A-11D0-8D11-00A0C91BC942}") = "Offer_05_replaceSpace", "Offer_05_replaceSpace\Offer_5_replaceSpace.vcxproj", "{DE156444-591A-4FF7-A257-D695995D683F}"
EndProject
Project("{8BC9CEB8-8B4A-11D0-8D11-00A0C91BC942}") = "Offer_04_findNumberIn2DArray", "Offer_04_findNumberIn2DArray\Offer_4_findNumberIn2DArray.vcxproj", "{70E79835-C533-4B16-A9EF-CFF3BB13AC72}"
EndProject
Project("{8BC9CEB8-8B4A-11D0-8D11-00A0C91BC942}") = "Offer_03_findRepeatNumber", "Offer_03_findRepeatNumber\Offer_3_findRepeatNumber.vcxproj", "{449B544B-3AA2-4195-BF81-68AA71464904}"
EndProject
Project("{8BC9CEB8-8B4A-11D0-8D11-00A0C91BC942}") = "Offer_08_GetNext", "Offer_08_GetNext\Offer_08_GetNext.vcxproj", "{32B26208-7BFC-4C59-B3D9-6942C8C9F72F}"
EndProject
Project("{8BC9CEB8-8B4A-11D0-8D11-00A0C91BC942}") = "Offer_09_CQueue", "Offer_09_CQueue\Offer_09_CQueue.vcxproj", "{4C05C753-D15A-45F2-B470-6428404161A4}"
EndProject
Project("{8BC9CEB8-8B4A-11D0-8D11-00A0C91BC942}") = "Leetcode_1239_maxLength", "Leetcode_1239_maxLength\Leetcode_1239_maxLength.vcxproj", "{11957E83-147E-4835-97BE-B248C0D5935A}"
EndProject
Global
	GlobalSection(SolutionConfigurationPlatforms) = preSolution
		Debug|x64 = Debug|x64
		Debug|x86 = Debug|x86
		Release|x64 = Release|x64
		Release|x86 = Release|x86
	EndGlobalSection
	GlobalSection(ProjectConfigurationPlatforms) = postSolution
		{16C4D226-DDC8-4AA2-A28B-BCA11793E2DC}.Debug|x64.ActiveCfg = Debug|x64
		{16C4D226-DDC8-4AA2-A28B-BCA11793E2DC}.Debug|x64.Build.0 = Debug|x64
		{16C4D226-DDC8-4AA2-A28B-BCA11793E2DC}.Debug|x86.ActiveCfg = Debug|Win32
		{16C4D226-DDC8-4AA2-A28B-BCA11793E2DC}.Debug|x86.Build.0 = Debug|Win32
		{16C4D226-DDC8-4AA2-A28B-BCA11793E2DC}.Release|x64.ActiveCfg = Release|x64
		{16C4D226-DDC8-4AA2-A28B-BCA11793E2DC}.Release|x64.Build.0 = Release|x64
		{16C4D226-DDC8-4AA2-A28B-BCA11793E2DC}.Release|x86.ActiveCfg = Release|Win32
		{16C4D226-DDC8-4AA2-A28B-BCA11793E2DC}.Release|x86.Build.0 = Release|Win32
		{1A4D2FB2-71AD-4308-A84A-F60A903DE617}.Debug|x64.ActiveCfg = Debug|x64
		{1A4D2FB2-71AD-4308-A84A-F60A903DE617}.Debug|x64.Build.0 = Debug|x64
		{1A4D2FB2-71AD-4308-A84A-F60A903DE617}.Debug|x86.ActiveCfg = Debug|Win32
		{1A4D2FB2-71AD-4308-A84A-F60A903DE617}.Debug|x86.Build.0 = Debug|Win32
		{1A4D2FB2-71AD-4308-A84A-F60A903DE617}.Release|x64.ActiveCfg = Release|x64
		{1A4D2FB2-71AD-4308-A84A-F60A903DE617}.Release|x64.Build.0 = Release|x64
		{1A4D2FB2-71AD-4308-A84A-F60A903DE617}.Release|x86.ActiveCfg = Release|Win32
		{1A4D2FB2-71AD-4308-A84A-F60A903DE617}.Release|x86.Build.0 = Release|Win32
		{42F8EC6D-5CE3-4FC8-9FC1-F1DFA7EDC674}.Debug|x64.ActiveCfg = Debug|x64
		{42F8EC6D-5CE3-4FC8-9FC1-F1DFA7EDC674}.Debug|x64.Build.0 = Debug|x64
		{42F8EC6D-5CE3-4FC8-9FC1-F1DFA7EDC674}.Debug|x86.ActiveCfg = Debug|Win32
		{42F8EC6D-5CE3-4FC8-9FC1-F1DFA7EDC674}.Debug|x86.Build.0 = Debug|Win32
		{42F8EC6D-5CE3-4FC8-9FC1-F1DFA7EDC674}.Release|x64.ActiveCfg = Release|x64
		{42F8EC6D-5CE3-4FC8-9FC1-F1DFA7EDC674}.Release|x64.Build.0 = Release|x64
		{42F8EC6D-5CE3-4FC8-9FC1-F1DFA7EDC674}.Release|x86.ActiveCfg = Release|Win32
		{42F8EC6D-5CE3-4FC8-9FC1-F1DFA7EDC674}.Release|x86.Build.0 = Release|Win32
		{2728C07F-50BE-4871-8510-4AFDFE202D2A}.Debug|x64.ActiveCfg = Debug|x64
		{2728C07F-50BE-4871-8510-4AFDFE202D2A}.Debug|x64.Build.0 = Debug|x64
		{2728C07F-50BE-4871-8510-4AFDFE202D2A}.Debug|x86.ActiveCfg = Debug|Win32
		{2728C07F-50BE-4871-8510-4AFDFE202D2A}.Debug|x86.Build.0 = Debug|Win32
		{2728C07F-50BE-4871-8510-4AFDFE202D2A}.Release|x64.ActiveCfg = Release|x64
		{2728C07F-50BE-4871-8510-4AFDFE202D2A}.Release|x64.Build.0 = Release|x64
		{2728C07F-50BE-4871-8510-4AFDFE202D2A}.Release|x86.ActiveCfg = Release|Win32
		{2728C07F-50BE-4871-8510-4AFDFE202D2A}.Release|x86.Build.0 = Release|Win32
		{574434FF-B39F-409C-A993-10BB3AC63F8C}.Debug|x64.ActiveCfg = Debug|x64
		{574434FF-B39F-409C-A993-10BB3AC63F8C}.Debug|x64.Build.0 = Debug|x64
		{574434FF-B39F-409C-A993-10BB3AC63F8C}.Debug|x86.ActiveCfg = Debug|Win32
		{574434FF-B39F-409C-A993-10BB3AC63F8C}.Debug|x86.Build.0 = Debug|Win32
		{574434FF-B39F-409C-A993-10BB3AC63F8C}.Release|x64.ActiveCfg = Release|x64
		{574434FF-B39F-409C-A993-10BB3AC63F8C}.Release|x64.Build.0 = Release|x64
		{574434FF-B39F-409C-A993-10BB3AC63F8C}.Release|x86.ActiveCfg = Release|Win32
		{574434FF-B39F-409C-A993-10BB3AC63F8C}.Release|x86.Build.0 = Release|Win32
		{314D28F1-2CA6-4866-94EB-53532DCC9A0C}.Debug|x64.ActiveCfg = Debug|x64
		{314D28F1-2CA6-4866-94EB-53532DCC9A0C}.Debug|x64.Build.0 = Debug|x64
		{314D28F1-2CA6-4866-94EB-53532DCC9A0C}.Debug|x86.ActiveCfg = Debug|Win32
		{314D28F1-2CA6-4866-94EB-53532DCC9A0C}.Debug|x86.Build.0 = Debug|Win32
		{314D28F1-2CA6-4866-94EB-53532DCC9A0C}.Release|x64.ActiveCfg = Release|x64
		{314D28F1-2CA6-4866-94EB-53532DCC9A0C}.Release|x64.Build.0 = Release|x64
		{314D28F1-2CA6-4866-94EB-53532DCC9A0C}.Release|x86.ActiveCfg = Release|Win32
		{314D28F1-2CA6-4866-94EB-53532DCC9A0C}.Release|x86.Build.0 = Release|Win32
		{3A0DB151-D193-4BFB-902D-BAF5450B50B7}.Debug|x64.ActiveCfg = Debug|x64
		{3A0DB151-D193-4BFB-902D-BAF5450B50B7}.Debug|x64.Build.0 = Debug|x64
		{3A0DB151-D193-4BFB-902D-BAF5450B50B7}.Debug|x86.ActiveCfg = Debug|Win32
		{3A0DB151-D193-4BFB-902D-BAF5450B50B7}.Debug|x86.Build.0 = Debug|Win32
		{3A0DB151-D193-4BFB-902D-BAF5450B50B7}.Release|x64.ActiveCfg = Release|x64
		{3A0DB151-D193-4BFB-902D-BAF5450B50B7}.Release|x64.Build.0 = Release|x64
		{3A0DB151-D193-4BFB-902D-BAF5450B50B7}.Release|x86.ActiveCfg = Release|Win32
		{3A0DB151-D193-4BFB-902D-BAF5450B50B7}.Release|x86.Build.0 = Release|Win32
		{321302BD-26E4-46BA-96AB-998AAD242ABB}.Debug|x64.ActiveCfg = Debug|x64
		{321302BD-26E4-46BA-96AB-998AAD242ABB}.Debug|x64.Build.0 = Debug|x64
		{321302BD-26E4-46BA-96AB-998AAD242ABB}.Debug|x86.ActiveCfg = Debug|Win32
		{321302BD-26E4-46BA-96AB-998AAD242ABB}.Debug|x86.Build.0 = Debug|Win32
		{321302BD-26E4-46BA-96AB-998AAD242ABB}.Release|x64.ActiveCfg = Release|x64
		{321302BD-26E4-46BA-96AB-998AAD242ABB}.Release|x64.Build.0 = Release|x64
		{321302BD-26E4-46BA-96AB-998AAD242ABB}.Release|x86.ActiveCfg = Release|Win32
		{321302BD-26E4-46BA-96AB-998AAD242ABB}.Release|x86.Build.0 = Release|Win32
		{D7BE19D2-5168-410C-820F-DFE206E39386}.Debug|x64.ActiveCfg = Debug|x64
		{D7BE19D2-5168-410C-820F-DFE206E39386}.Debug|x64.Build.0 = Debug|x64
		{D7BE19D2-5168-410C-820F-DFE206E39386}.Debug|x86.ActiveCfg = Debug|Win32
		{D7BE19D2-5168-410C-820F-DFE206E39386}.Debug|x86.Build.0 = Debug|Win32
		{D7BE19D2-5168-410C-820F-DFE206E39386}.Release|x64.ActiveCfg = Release|x64
		{D7BE19D2-5168-410C-820F-DFE206E39386}.Release|x64.Build.0 = Release|x64
		{D7BE19D2-5168-410C-820F-DFE206E39386}.Release|x86.ActiveCfg = Release|Win32
		{D7BE19D2-5168-410C-820F-DFE206E39386}.Release|x86.Build.0 = Release|Win32
		{D58AC89C-BD81-418A-A6F4-3B6664586EC9}.Debug|x64.ActiveCfg = Debug|x64
		{D58AC89C-BD81-418A-A6F4-3B6664586EC9}.Debug|x64.Build.0 = Debug|x64
		{D58AC89C-BD81-418A-A6F4-3B6664586EC9}.Debug|x86.ActiveCfg = Debug|Win32
		{D58AC89C-BD81-418A-A6F4-3B6664586EC9}.Debug|x86.Build.0 = Debug|Win32
		{D58AC89C-BD81-418A-A6F4-3B6664586EC9}.Release|x64.ActiveCfg = Release|x64
		{D58AC89C-BD81-418A-A6F4-3B6664586EC9}.Release|x64.Build.0 = Release|x64
		{D58AC89C-BD81-418A-A6F4-3B6664586EC9}.Release|x86.ActiveCfg = Release|Win32
		{D58AC89C-BD81-418A-A6F4-3B6664586EC9}.Release|x86.Build.0 = Release|Win32
		{BA47AC22-CB05-4B41-85FA-104EBFDAA29B}.Debug|x64.ActiveCfg = Debug|x64
		{BA47AC22-CB05-4B41-85FA-104EBFDAA29B}.Debug|x64.Build.0 = Debug|x64
		{BA47AC22-CB05-4B41-85FA-104EBFDAA29B}.Debug|x86.ActiveCfg = Debug|Win32
		{BA47AC22-CB05-4B41-85FA-104EBFDAA29B}.Debug|x86.Build.0 = Debug|Win32
		{BA47AC22-CB05-4B41-85FA-104EBFDAA29B}.Release|x64.ActiveCfg = Release|x64
		{BA47AC22-CB05-4B41-85FA-104EBFDAA29B}.Release|x64.Build.0 = Release|x64
		{BA47AC22-CB05-4B41-85FA-104EBFDAA29B}.Release|x86.ActiveCfg = Release|Win32
		{BA47AC22-CB05-4B41-85FA-104EBFDAA29B}.Release|x86.Build.0 = Release|Win32
		{F4884926-E9B7-4BC8-8D70-7BFE4128FFCA}.Debug|x64.ActiveCfg = Debug|x64
		{F4884926-E9B7-4BC8-8D70-7BFE4128FFCA}.Debug|x64.Build.0 = Debug|x64
		{F4884926-E9B7-4BC8-8D70-7BFE4128FFCA}.Debug|x86.ActiveCfg = Debug|Win32
		{F4884926-E9B7-4BC8-8D70-7BFE4128FFCA}.Debug|x86.Build.0 = Debug|Win32
		{F4884926-E9B7-4BC8-8D70-7BFE4128FFCA}.Release|x64.ActiveCfg = Release|x64
		{F4884926-E9B7-4BC8-8D70-7BFE4128FFCA}.Release|x64.Build.0 = Release|x64
		{F4884926-E9B7-4BC8-8D70-7BFE4128FFCA}.Release|x86.ActiveCfg = Release|Win32
		{F4884926-E9B7-4BC8-8D70-7BFE4128FFCA}.Release|x86.Build.0 = Release|Win32
		{4FC0C046-69C9-4AF7-89D6-801540E7C589}.Debug|x64.ActiveCfg = Debug|x64
		{4FC0C046-69C9-4AF7-89D6-801540E7C589}.Debug|x64.Build.0 = Debug|x64
		{4FC0C046-69C9-4AF7-89D6-801540E7C589}.Debug|x86.ActiveCfg = Debug|Win32
		{4FC0C046-69C9-4AF7-89D6-801540E7C589}.Debug|x86.Build.0 = Debug|Win32
		{4FC0C046-69C9-4AF7-89D6-801540E7C589}.Release|x64.ActiveCfg = Release|x64
		{4FC0C046-69C9-4AF7-89D6-801540E7C589}.Release|x64.Build.0 = Release|x64
		{4FC0C046-69C9-4AF7-89D6-801540E7C589}.Release|x86.ActiveCfg = Release|Win32
		{4FC0C046-69C9-4AF7-89D6-801540E7C589}.Release|x86.Build.0 = Release|Win32
		{71D8357F-B151-458D-9E60-EDE708AB2A59}.Debug|x64.ActiveCfg = Debug|x64
		{71D8357F-B151-458D-9E60-EDE708AB2A59}.Debug|x64.Build.0 = Debug|x64
		{71D8357F-B151-458D-9E60-EDE708AB2A59}.Debug|x86.ActiveCfg = Debug|Win32
		{71D8357F-B151-458D-9E60-EDE708AB2A59}.Debug|x86.Build.0 = Debug|Win32
		{71D8357F-B151-458D-9E60-EDE708AB2A59}.Release|x64.ActiveCfg = Release|x64
		{71D8357F-B151-458D-9E60-EDE708AB2A59}.Release|x64.Build.0 = Release|x64
		{71D8357F-B151-458D-9E60-EDE708AB2A59}.Release|x86.ActiveCfg = Release|Win32
		{71D8357F-B151-458D-9E60-EDE708AB2A59}.Release|x86.Build.0 = Release|Win32
		{4D647977-89BE-4AB2-9E40-3133C9973327}.Debug|x64.ActiveCfg = Debug|x64
		{4D647977-89BE-4AB2-9E40-3133C9973327}.Debug|x64.Build.0 = Debug|x64
		{4D647977-89BE-4AB2-9E40-3133C9973327}.Debug|x86.ActiveCfg = Debug|Win32
		{4D647977-89BE-4AB2-9E40-3133C9973327}.Debug|x86.Build.0 = Debug|Win32
		{4D647977-89BE-4AB2-9E40-3133C9973327}.Release|x64.ActiveCfg = Release|x64
		{4D647977-89BE-4AB2-9E40-3133C9973327}.Release|x64.Build.0 = Release|x64
		{4D647977-89BE-4AB2-9E40-3133C9973327}.Release|x86.ActiveCfg = Release|Win32
		{4D647977-89BE-4AB2-9E40-3133C9973327}.Release|x86.Build.0 = Release|Win32
		{22104152-CD08-4707-898C-DD6B757FD836}.Debug|x64.ActiveCfg = Debug|x64
		{22104152-CD08-4707-898C-DD6B757FD836}.Debug|x64.Build.0 = Debug|x64
		{22104152-CD08-4707-898C-DD6B757FD836}.Debug|x86.ActiveCfg = Debug|Win32
		{22104152-CD08-4707-898C-DD6B757FD836}.Debug|x86.Build.0 = Debug|Win32
		{22104152-CD08-4707-898C-DD6B757FD836}.Release|x64.ActiveCfg = Release|x64
		{22104152-CD08-4707-898C-DD6B757FD836}.Release|x64.Build.0 = Release|x64
		{22104152-CD08-4707-898C-DD6B757FD836}.Release|x86.ActiveCfg = Release|Win32
		{22104152-CD08-4707-898C-DD6B757FD836}.Release|x86.Build.0 = Release|Win32
		{A4981DAB-8345-4109-9161-8F1A4548EFED}.Debug|x64.ActiveCfg = Debug|x64
		{A4981DAB-8345-4109-9161-8F1A4548EFED}.Debug|x64.Build.0 = Debug|x64
		{A4981DAB-8345-4109-9161-8F1A4548EFED}.Debug|x86.ActiveCfg = Debug|Win32
		{A4981DAB-8345-4109-9161-8F1A4548EFED}.Debug|x86.Build.0 = Debug|Win32
		{A4981DAB-8345-4109-9161-8F1A4548EFED}.Release|x64.ActiveCfg = Release|x64
		{A4981DAB-8345-4109-9161-8F1A4548EFED}.Release|x64.Build.0 = Release|x64
		{A4981DAB-8345-4109-9161-8F1A4548EFED}.Release|x86.ActiveCfg = Release|Win32
		{A4981DAB-8345-4109-9161-8F1A4548EFED}.Release|x86.Build.0 = Release|Win32
		{51AB1D9E-EA3E-4D6F-8F9B-103AD43F8D46}.Debug|x64.ActiveCfg = Debug|x64
		{51AB1D9E-EA3E-4D6F-8F9B-103AD43F8D46}.Debug|x64.Build.0 = Debug|x64
		{51AB1D9E-EA3E-4D6F-8F9B-103AD43F8D46}.Debug|x86.ActiveCfg = Debug|Win32
		{51AB1D9E-EA3E-4D6F-8F9B-103AD43F8D46}.Debug|x86.Build.0 = Debug|Win32
		{51AB1D9E-EA3E-4D6F-8F9B-103AD43F8D46}.Release|x64.ActiveCfg = Release|x64
		{51AB1D9E-EA3E-4D6F-8F9B-103AD43F8D46}.Release|x64.Build.0 = Release|x64
		{51AB1D9E-EA3E-4D6F-8F9B-103AD43F8D46}.Release|x86.ActiveCfg = Release|Win32
		{51AB1D9E-EA3E-4D6F-8F9B-103AD43F8D46}.Release|x86.Build.0 = Release|Win32
		{2240AA1D-BAD5-428C-AAF0-2F0373BEC0B6}.Debug|x64.ActiveCfg = Debug|x64
		{2240AA1D-BAD5-428C-AAF0-2F0373BEC0B6}.Debug|x64.Build.0 = Debug|x64
		{2240AA1D-BAD5-428C-AAF0-2F0373BEC0B6}.Debug|x86.ActiveCfg = Debug|Win32
		{2240AA1D-BAD5-428C-AAF0-2F0373BEC0B6}.Debug|x86.Build.0 = Debug|Win32
		{2240AA1D-BAD5-428C-AAF0-2F0373BEC0B6}.Release|x64.ActiveCfg = Release|x64
		{2240AA1D-BAD5-428C-AAF0-2F0373BEC0B6}.Release|x64.Build.0 = Release|x64
		{2240AA1D-BAD5-428C-AAF0-2F0373BEC0B6}.Release|x86.ActiveCfg = Release|Win32
		{2240AA1D-BAD5-428C-AAF0-2F0373BEC0B6}.Release|x86.Build.0 = Release|Win32
		{7AB965FA-5E1B-4605-AE83-CF69D2744B6B}.Debug|x64.ActiveCfg = Debug|x64
		{7AB965FA-5E1B-4605-AE83-CF69D2744B6B}.Debug|x64.Build.0 = Debug|x64
		{7AB965FA-5E1B-4605-AE83-CF69D2744B6B}.Debug|x86.ActiveCfg = Debug|Win32
		{7AB965FA-5E1B-4605-AE83-CF69D2744B6B}.Debug|x86.Build.0 = Debug|Win32
		{7AB965FA-5E1B-4605-AE83-CF69D2744B6B}.Release|x64.ActiveCfg = Release|x64
		{7AB965FA-5E1B-4605-AE83-CF69D2744B6B}.Release|x64.Build.0 = Release|x64
		{7AB965FA-5E1B-4605-AE83-CF69D2744B6B}.Release|x86.ActiveCfg = Release|Win32
		{7AB965FA-5E1B-4605-AE83-CF69D2744B6B}.Release|x86.Build.0 = Release|Win32
		{222DB153-DD64-4CB2-A7E5-362A6BF041D2}.Debug|x64.ActiveCfg = Debug|x64
		{222DB153-DD64-4CB2-A7E5-362A6BF041D2}.Debug|x64.Build.0 = Debug|x64
		{222DB153-DD64-4CB2-A7E5-362A6BF041D2}.Debug|x86.ActiveCfg = Debug|Win32
		{222DB153-DD64-4CB2-A7E5-362A6BF041D2}.Debug|x86.Build.0 = Debug|Win32
		{222DB153-DD64-4CB2-A7E5-362A6BF041D2}.Release|x64.ActiveCfg = Release|x64
		{222DB153-DD64-4CB2-A7E5-362A6BF041D2}.Release|x64.Build.0 = Release|x64
		{222DB153-DD64-4CB2-A7E5-362A6BF041D2}.Release|x86.ActiveCfg = Release|Win32
		{222DB153-DD64-4CB2-A7E5-362A6BF041D2}.Release|x86.Build.0 = Release|Win32
		{1E222294-CEB3-4591-A92A-28E77049153A}.Debug|x64.ActiveCfg = Debug|x64
		{1E222294-CEB3-4591-A92A-28E77049153A}.Debug|x64.Build.0 = Debug|x64
		{1E222294-CEB3-4591-A92A-28E77049153A}.Debug|x86.ActiveCfg = Debug|Win32
		{1E222294-CEB3-4591-A92A-28E77049153A}.Debug|x86.Build.0 = Debug|Win32
		{1E222294-CEB3-4591-A92A-28E77049153A}.Release|x64.ActiveCfg = Release|x64
		{1E222294-CEB3-4591-A92A-28E77049153A}.Release|x64.Build.0 = Release|x64
		{1E222294-CEB3-4591-A92A-28E77049153A}.Release|x86.ActiveCfg = Release|Win32
		{1E222294-CEB3-4591-A92A-28E77049153A}.Release|x86.Build.0 = Release|Win32
		{C2F73279-B090-40AF-B870-95C14F8782EC}.Debug|x64.ActiveCfg = Debug|x64
		{C2F73279-B090-40AF-B870-95C14F8782EC}.Debug|x64.Build.0 = Debug|x64
		{C2F73279-B090-40AF-B870-95C14F8782EC}.Debug|x86.ActiveCfg = Debug|Win32
		{C2F73279-B090-40AF-B870-95C14F8782EC}.Debug|x86.Build.0 = Debug|Win32
		{C2F73279-B090-40AF-B870-95C14F8782EC}.Release|x64.ActiveCfg = Release|x64
		{C2F73279-B090-40AF-B870-95C14F8782EC}.Release|x64.Build.0 = Release|x64
		{C2F73279-B090-40AF-B870-95C14F8782EC}.Release|x86.ActiveCfg = Release|Win32
		{C2F73279-B090-40AF-B870-95C14F8782EC}.Release|x86.Build.0 = Release|Win32
		{875D197B-3C2E-4584-9D12-4CBE2A8154B9}.Debug|x64.ActiveCfg = Debug|x64
		{875D197B-3C2E-4584-9D12-4CBE2A8154B9}.Debug|x64.Build.0 = Debug|x64
		{875D197B-3C2E-4584-9D12-4CBE2A8154B9}.Debug|x86.ActiveCfg = Debug|Win32
		{875D197B-3C2E-4584-9D12-4CBE2A8154B9}.Debug|x86.Build.0 = Debug|Win32
		{875D197B-3C2E-4584-9D12-4CBE2A8154B9}.Release|x64.ActiveCfg = Release|x64
		{875D197B-3C2E-4584-9D12-4CBE2A8154B9}.Release|x64.Build.0 = Release|x64
		{875D197B-3C2E-4584-9D12-4CBE2A8154B9}.Release|x86.ActiveCfg = Release|Win32
		{875D197B-3C2E-4584-9D12-4CBE2A8154B9}.Release|x86.Build.0 = Release|Win32
		{E1A374A0-A7F7-4831-9B56-D69355DE3F8D}.Debug|x64.ActiveCfg = Debug|x64
		{E1A374A0-A7F7-4831-9B56-D69355DE3F8D}.Debug|x64.Build.0 = Debug|x64
		{E1A374A0-A7F7-4831-9B56-D69355DE3F8D}.Debug|x86.ActiveCfg = Debug|Win32
		{E1A374A0-A7F7-4831-9B56-D69355DE3F8D}.Debug|x86.Build.0 = Debug|Win32
		{E1A374A0-A7F7-4831-9B56-D69355DE3F8D}.Release|x64.ActiveCfg = Release|x64
		{E1A374A0-A7F7-4831-9B56-D69355DE3F8D}.Release|x64.Build.0 = Release|x64
		{E1A374A0-A7F7-4831-9B56-D69355DE3F8D}.Release|x86.ActiveCfg = Release|Win32
		{E1A374A0-A7F7-4831-9B56-D69355DE3F8D}.Release|x86.Build.0 = Release|Win32
		{D4D6B0EE-3FE4-41D8-8C44-1D866AA5D648}.Debug|x64.ActiveCfg = Debug|x64
		{D4D6B0EE-3FE4-41D8-8C44-1D866AA5D648}.Debug|x64.Build.0 = Debug|x64
		{D4D6B0EE-3FE4-41D8-8C44-1D866AA5D648}.Debug|x86.ActiveCfg = Debug|Win32
		{D4D6B0EE-3FE4-41D8-8C44-1D866AA5D648}.Debug|x86.Build.0 = Debug|Win32
		{D4D6B0EE-3FE4-41D8-8C44-1D866AA5D648}.Release|x64.ActiveCfg = Release|x64
		{D4D6B0EE-3FE4-41D8-8C44-1D866AA5D648}.Release|x64.Build.0 = Release|x64
		{D4D6B0EE-3FE4-41D8-8C44-1D866AA5D648}.Release|x86.ActiveCfg = Release|Win32
		{D4D6B0EE-3FE4-41D8-8C44-1D866AA5D648}.Release|x86.Build.0 = Release|Win32
		{C259F93E-705E-440C-A5B2-346FDD2D67E7}.Debug|x64.ActiveCfg = Debug|x64
		{C259F93E-705E-440C-A5B2-346FDD2D67E7}.Debug|x64.Build.0 = Debug|x64
		{C259F93E-705E-440C-A5B2-346FDD2D67E7}.Debug|x86.ActiveCfg = Debug|Win32
		{C259F93E-705E-440C-A5B2-346FDD2D67E7}.Debug|x86.Build.0 = Debug|Win32
		{C259F93E-705E-440C-A5B2-346FDD2D67E7}.Release|x64.ActiveCfg = Release|x64
		{C259F93E-705E-440C-A5B2-346FDD2D67E7}.Release|x64.Build.0 = Release|x64
		{C259F93E-705E-440C-A5B2-346FDD2D67E7}.Release|x86.ActiveCfg = Release|Win32
		{C259F93E-705E-440C-A5B2-346FDD2D67E7}.Release|x86.Build.0 = Release|Win32
		{0B44EBEF-E9EF-4196-BF5C-1638252F6DA2}.Debug|x64.ActiveCfg = Debug|x64
		{0B44EBEF-E9EF-4196-BF5C-1638252F6DA2}.Debug|x64.Build.0 = Debug|x64
		{0B44EBEF-E9EF-4196-BF5C-1638252F6DA2}.Debug|x86.ActiveCfg = Debug|Win32
		{0B44EBEF-E9EF-4196-BF5C-1638252F6DA2}.Debug|x86.Build.0 = Debug|Win32
		{0B44EBEF-E9EF-4196-BF5C-1638252F6DA2}.Release|x64.ActiveCfg = Release|x64
		{0B44EBEF-E9EF-4196-BF5C-1638252F6DA2}.Release|x64.Build.0 = Release|x64
		{0B44EBEF-E9EF-4196-BF5C-1638252F6DA2}.Release|x86.ActiveCfg = Release|Win32
		{0B44EBEF-E9EF-4196-BF5C-1638252F6DA2}.Release|x86.Build.0 = Release|Win32
		{FBED1631-357F-411A-BD69-3F8C1E3591BD}.Debug|x64.ActiveCfg = Debug|x64
		{FBED1631-357F-411A-BD69-3F8C1E3591BD}.Debug|x64.Build.0 = Debug|x64
		{FBED1631-357F-411A-BD69-3F8C1E3591BD}.Debug|x86.ActiveCfg = Debug|Win32
		{FBED1631-357F-411A-BD69-3F8C1E3591BD}.Debug|x86.Build.0 = Debug|Win32
		{FBED1631-357F-411A-BD69-3F8C1E3591BD}.Release|x64.ActiveCfg = Release|x64
		{FBED1631-357F-411A-BD69-3F8C1E3591BD}.Release|x64.Build.0 = Release|x64
		{FBED1631-357F-411A-BD69-3F8C1E3591BD}.Release|x86.ActiveCfg = Release|Win32
		{FBED1631-357F-411A-BD69-3F8C1E3591BD}.Release|x86.Build.0 = Release|Win32
		{7E2B66D0-B9E7-4FE3-91F6-5C78AA98677A}.Debug|x64.ActiveCfg = Debug|x64
		{7E2B66D0-B9E7-4FE3-91F6-5C78AA98677A}.Debug|x64.Build.0 = Debug|x64
		{7E2B66D0-B9E7-4FE3-91F6-5C78AA98677A}.Debug|x86.ActiveCfg = Debug|Win32
		{7E2B66D0-B9E7-4FE3-91F6-5C78AA98677A}.Debug|x86.Build.0 = Debug|Win32
		{7E2B66D0-B9E7-4FE3-91F6-5C78AA98677A}.Release|x64.ActiveCfg = Release|x64
		{7E2B66D0-B9E7-4FE3-91F6-5C78AA98677A}.Release|x64.Build.0 = Release|x64
		{7E2B66D0-B9E7-4FE3-91F6-5C78AA98677A}.Release|x86.ActiveCfg = Release|Win32
		{7E2B66D0-B9E7-4FE3-91F6-5C78AA98677A}.Release|x86.Build.0 = Release|Win32
		{AA272BF2-8714-416C-A54D-117FD709A06B}.Debug|x64.ActiveCfg = Debug|x64
		{AA272BF2-8714-416C-A54D-117FD709A06B}.Debug|x64.Build.0 = Debug|x64
		{AA272BF2-8714-416C-A54D-117FD709A06B}.Debug|x86.ActiveCfg = Debug|Win32
		{AA272BF2-8714-416C-A54D-117FD709A06B}.Debug|x86.Build.0 = Debug|Win32
		{AA272BF2-8714-416C-A54D-117FD709A06B}.Release|x64.ActiveCfg = Release|x64
		{AA272BF2-8714-416C-A54D-117FD709A06B}.Release|x64.Build.0 = Release|x64
		{AA272BF2-8714-416C-A54D-117FD709A06B}.Release|x86.ActiveCfg = Release|Win32
		{AA272BF2-8714-416C-A54D-117FD709A06B}.Release|x86.Build.0 = Release|Win32
		{3E265F78-0020-472C-8359-E1E6BA83F480}.Debug|x64.ActiveCfg = Debug|x64
		{3E265F78-0020-472C-8359-E1E6BA83F480}.Debug|x64.Build.0 = Debug|x64
		{3E265F78-0020-472C-8359-E1E6BA83F480}.Debug|x86.ActiveCfg = Debug|Win32
		{3E265F78-0020-472C-8359-E1E6BA83F480}.Debug|x86.Build.0 = Debug|Win32
		{3E265F78-0020-472C-8359-E1E6BA83F480}.Release|x64.ActiveCfg = Release|x64
		{3E265F78-0020-472C-8359-E1E6BA83F480}.Release|x64.Build.0 = Release|x64
		{3E265F78-0020-472C-8359-E1E6BA83F480}.Release|x86.ActiveCfg = Release|Win32
		{3E265F78-0020-472C-8359-E1E6BA83F480}.Release|x86.Build.0 = Release|Win32
		{8FBDDCC5-A4DB-4332-B5A6-1CC809D9B279}.Debug|x64.ActiveCfg = Debug|x64
		{8FBDDCC5-A4DB-4332-B5A6-1CC809D9B279}.Debug|x64.Build.0 = Debug|x64
		{8FBDDCC5-A4DB-4332-B5A6-1CC809D9B279}.Debug|x86.ActiveCfg = Debug|Win32
		{8FBDDCC5-A4DB-4332-B5A6-1CC809D9B279}.Debug|x86.Build.0 = Debug|Win32
		{8FBDDCC5-A4DB-4332-B5A6-1CC809D9B279}.Release|x64.ActiveCfg = Release|x64
		{8FBDDCC5-A4DB-4332-B5A6-1CC809D9B279}.Release|x64.Build.0 = Release|x64
		{8FBDDCC5-A4DB-4332-B5A6-1CC809D9B279}.Release|x86.ActiveCfg = Release|Win32
		{8FBDDCC5-A4DB-4332-B5A6-1CC809D9B279}.Release|x86.Build.0 = Release|Win32
		{2EE9008D-F127-4C02-9018-0003C863DDCF}.Debug|x64.ActiveCfg = Debug|x64
		{2EE9008D-F127-4C02-9018-0003C863DDCF}.Debug|x64.Build.0 = Debug|x64
		{2EE9008D-F127-4C02-9018-0003C863DDCF}.Debug|x86.ActiveCfg = Debug|Win32
		{2EE9008D-F127-4C02-9018-0003C863DDCF}.Debug|x86.Build.0 = Debug|Win32
		{2EE9008D-F127-4C02-9018-0003C863DDCF}.Release|x64.ActiveCfg = Release|x64
		{2EE9008D-F127-4C02-9018-0003C863DDCF}.Release|x64.Build.0 = Release|x64
		{2EE9008D-F127-4C02-9018-0003C863DDCF}.Release|x86.ActiveCfg = Release|Win32
		{2EE9008D-F127-4C02-9018-0003C863DDCF}.Release|x86.Build.0 = Release|Win32
		{E7130F7F-7989-4B0E-9903-DB42A0B37128}.Debug|x64.ActiveCfg = Debug|x64
		{E7130F7F-7989-4B0E-9903-DB42A0B37128}.Debug|x64.Build.0 = Debug|x64
		{E7130F7F-7989-4B0E-9903-DB42A0B37128}.Debug|x86.ActiveCfg = Debug|Win32
		{E7130F7F-7989-4B0E-9903-DB42A0B37128}.Debug|x86.Build.0 = Debug|Win32
		{E7130F7F-7989-4B0E-9903-DB42A0B37128}.Release|x64.ActiveCfg = Release|x64
		{E7130F7F-7989-4B0E-9903-DB42A0B37128}.Release|x64.Build.0 = Release|x64
		{E7130F7F-7989-4B0E-9903-DB42A0B37128}.Release|x86.ActiveCfg = Release|Win32
		{E7130F7F-7989-4B0E-9903-DB42A0B37128}.Release|x86.Build.0 = Release|Win32
		{13601C8C-B4F9-4C2C-95F7-0CD5CF05CB5A}.Debug|x64.ActiveCfg = Debug|x64
		{13601C8C-B4F9-4C2C-95F7-0CD5CF05CB5A}.Debug|x64.Build.0 = Debug|x64
		{13601C8C-B4F9-4C2C-95F7-0CD5CF05CB5A}.Debug|x86.ActiveCfg = Debug|Win32
		{13601C8C-B4F9-4C2C-95F7-0CD5CF05CB5A}.Debug|x86.Build.0 = Debug|Win32
		{13601C8C-B4F9-4C2C-95F7-0CD5CF05CB5A}.Release|x64.ActiveCfg = Release|x64
		{13601C8C-B4F9-4C2C-95F7-0CD5CF05CB5A}.Release|x64.Build.0 = Release|x64
		{13601C8C-B4F9-4C2C-95F7-0CD5CF05CB5A}.Release|x86.ActiveCfg = Release|Win32
		{13601C8C-B4F9-4C2C-95F7-0CD5CF05CB5A}.Release|x86.Build.0 = Release|Win32
		{102EC71B-B640-4F12-B23B-60737695ACF6}.Debug|x64.ActiveCfg = Debug|x64
		{102EC71B-B640-4F12-B23B-60737695ACF6}.Debug|x64.Build.0 = Debug|x64
		{102EC71B-B640-4F12-B23B-60737695ACF6}.Debug|x86.ActiveCfg = Debug|Win32
		{102EC71B-B640-4F12-B23B-60737695ACF6}.Debug|x86.Build.0 = Debug|Win32
		{102EC71B-B640-4F12-B23B-60737695ACF6}.Release|x64.ActiveCfg = Release|x64
		{102EC71B-B640-4F12-B23B-60737695ACF6}.Release|x64.Build.0 = Release|x64
		{102EC71B-B640-4F12-B23B-60737695ACF6}.Release|x86.ActiveCfg = Release|Win32
		{102EC71B-B640-4F12-B23B-60737695ACF6}.Release|x86.Build.0 = Release|Win32
		{4892D09B-A9A8-4E7F-92B9-473419EA2F40}.Debug|x64.ActiveCfg = Debug|x64
		{4892D09B-A9A8-4E7F-92B9-473419EA2F40}.Debug|x64.Build.0 = Debug|x64
		{4892D09B-A9A8-4E7F-92B9-473419EA2F40}.Debug|x86.ActiveCfg = Debug|Win32
		{4892D09B-A9A8-4E7F-92B9-473419EA2F40}.Debug|x86.Build.0 = Debug|Win32
		{4892D09B-A9A8-4E7F-92B9-473419EA2F40}.Release|x64.ActiveCfg = Release|x64
		{4892D09B-A9A8-4E7F-92B9-473419EA2F40}.Release|x64.Build.0 = Release|x64
		{4892D09B-A9A8-4E7F-92B9-473419EA2F40}.Release|x86.ActiveCfg = Release|Win32
		{4892D09B-A9A8-4E7F-92B9-473419EA2F40}.Release|x86.Build.0 = Release|Win32
		{08A5631D-0692-4CF7-AE6E-DB99A3328608}.Debug|x64.ActiveCfg = Debug|x64
		{08A5631D-0692-4CF7-AE6E-DB99A3328608}.Debug|x64.Build.0 = Debug|x64
		{08A5631D-0692-4CF7-AE6E-DB99A3328608}.Debug|x86.ActiveCfg = Debug|Win32
		{08A5631D-0692-4CF7-AE6E-DB99A3328608}.Debug|x86.Build.0 = Debug|Win32
		{08A5631D-0692-4CF7-AE6E-DB99A3328608}.Release|x64.ActiveCfg = Release|x64
		{08A5631D-0692-4CF7-AE6E-DB99A3328608}.Release|x64.Build.0 = Release|x64
		{08A5631D-0692-4CF7-AE6E-DB99A3328608}.Release|x86.ActiveCfg = Release|Win32
		{08A5631D-0692-4CF7-AE6E-DB99A3328608}.Release|x86.Build.0 = Release|Win32
		{332B9D1A-210E-4307-892E-F884FC6450EB}.Debug|x64.ActiveCfg = Debug|x64
		{332B9D1A-210E-4307-892E-F884FC6450EB}.Debug|x64.Build.0 = Debug|x64
		{332B9D1A-210E-4307-892E-F884FC6450EB}.Debug|x86.ActiveCfg = Debug|Win32
		{332B9D1A-210E-4307-892E-F884FC6450EB}.Debug|x86.Build.0 = Debug|Win32
		{332B9D1A-210E-4307-892E-F884FC6450EB}.Release|x64.ActiveCfg = Release|x64
		{332B9D1A-210E-4307-892E-F884FC6450EB}.Release|x64.Build.0 = Release|x64
		{332B9D1A-210E-4307-892E-F884FC6450EB}.Release|x86.ActiveCfg = Release|Win32
		{332B9D1A-210E-4307-892E-F884FC6450EB}.Release|x86.Build.0 = Release|Win32
		{634DDE44-E578-4DE6-875F-A9C41A438F68}.Debug|x64.ActiveCfg = Debug|x64
		{634DDE44-E578-4DE6-875F-A9C41A438F68}.Debug|x64.Build.0 = Debug|x64
		{634DDE44-E578-4DE6-875F-A9C41A438F68}.Debug|x86.ActiveCfg = Debug|Win32
		{634DDE44-E578-4DE6-875F-A9C41A438F68}.Debug|x86.Build.0 = Debug|Win32
		{634DDE44-E578-4DE6-875F-A9C41A438F68}.Release|x64.ActiveCfg = Release|x64
		{634DDE44-E578-4DE6-875F-A9C41A438F68}.Release|x64.Build.0 = Release|x64
		{634DDE44-E578-4DE6-875F-A9C41A438F68}.Release|x86.ActiveCfg = Release|Win32
		{634DDE44-E578-4DE6-875F-A9C41A438F68}.Release|x86.Build.0 = Release|Win32
		{53686F68-7E48-4D78-BD7C-20F6BB713477}.Debug|x64.ActiveCfg = Debug|x64
		{53686F68-7E48-4D78-BD7C-20F6BB713477}.Debug|x64.Build.0 = Debug|x64
		{53686F68-7E48-4D78-BD7C-20F6BB713477}.Debug|x86.ActiveCfg = Debug|Win32
		{53686F68-7E48-4D78-BD7C-20F6BB713477}.Debug|x86.Build.0 = Debug|Win32
		{53686F68-7E48-4D78-BD7C-20F6BB713477}.Release|x64.ActiveCfg = Release|x64
		{53686F68-7E48-4D78-BD7C-20F6BB713477}.Release|x64.Build.0 = Release|x64
		{53686F68-7E48-4D78-BD7C-20F6BB713477}.Release|x86.ActiveCfg = Release|Win32
		{53686F68-7E48-4D78-BD7C-20F6BB713477}.Release|x86.Build.0 = Release|Win32
		{595E4E51-5190-4BAD-9591-15D0A8FB7CE3}.Debug|x64.ActiveCfg = Debug|x64
		{595E4E51-5190-4BAD-9591-15D0A8FB7CE3}.Debug|x64.Build.0 = Debug|x64
		{595E4E51-5190-4BAD-9591-15D0A8FB7CE3}.Debug|x86.ActiveCfg = Debug|Win32
		{595E4E51-5190-4BAD-9591-15D0A8FB7CE3}.Debug|x86.Build.0 = Debug|Win32
		{595E4E51-5190-4BAD-9591-15D0A8FB7CE3}.Release|x64.ActiveCfg = Release|x64
		{595E4E51-5190-4BAD-9591-15D0A8FB7CE3}.Release|x64.Build.0 = Release|x64
		{595E4E51-5190-4BAD-9591-15D0A8FB7CE3}.Release|x86.ActiveCfg = Release|Win32
		{595E4E51-5190-4BAD-9591-15D0A8FB7CE3}.Release|x86.Build.0 = Release|Win32
		{9654F84E-B39D-423E-9CBD-1B5C6BDADF45}.Debug|x64.ActiveCfg = Debug|x64
		{9654F84E-B39D-423E-9CBD-1B5C6BDADF45}.Debug|x64.Build.0 = Debug|x64
		{9654F84E-B39D-423E-9CBD-1B5C6BDADF45}.Debug|x86.ActiveCfg = Debug|Win32
		{9654F84E-B39D-423E-9CBD-1B5C6BDADF45}.Debug|x86.Build.0 = Debug|Win32
		{9654F84E-B39D-423E-9CBD-1B5C6BDADF45}.Release|x64.ActiveCfg = Release|x64
		{9654F84E-B39D-423E-9CBD-1B5C6BDADF45}.Release|x64.Build.0 = Release|x64
		{9654F84E-B39D-423E-9CBD-1B5C6BDADF45}.Release|x86.ActiveCfg = Release|Win32
		{9654F84E-B39D-423E-9CBD-1B5C6BDADF45}.Release|x86.Build.0 = Release|Win32
		{C5184FE8-D967-483F-AD40-BBEBC89FD1BE}.Debug|x64.ActiveCfg = Debug|x64
		{C5184FE8-D967-483F-AD40-BBEBC89FD1BE}.Debug|x64.Build.0 = Debug|x64
		{C5184FE8-D967-483F-AD40-BBEBC89FD1BE}.Debug|x86.ActiveCfg = Debug|Win32
		{C5184FE8-D967-483F-AD40-BBEBC89FD1BE}.Debug|x86.Build.0 = Debug|Win32
		{C5184FE8-D967-483F-AD40-BBEBC89FD1BE}.Release|x64.ActiveCfg = Release|x64
		{C5184FE8-D967-483F-AD40-BBEBC89FD1BE}.Release|x64.Build.0 = Release|x64
		{C5184FE8-D967-483F-AD40-BBEBC89FD1BE}.Release|x86.ActiveCfg = Release|Win32
		{C5184FE8-D967-483F-AD40-BBEBC89FD1BE}.Release|x86.Build.0 = Release|Win32
		{463F2F65-0FF8-4CDA-9E27-4C322139E7C0}.Debug|x64.ActiveCfg = Debug|x64
		{463F2F65-0FF8-4CDA-9E27-4C322139E7C0}.Debug|x64.Build.0 = Debug|x64
		{463F2F65-0FF8-4CDA-9E27-4C322139E7C0}.Debug|x86.ActiveCfg = Debug|Win32
		{463F2F65-0FF8-4CDA-9E27-4C322139E7C0}.Debug|x86.Build.0 = Debug|Win32
		{463F2F65-0FF8-4CDA-9E27-4C322139E7C0}.Release|x64.ActiveCfg = Release|x64
		{463F2F65-0FF8-4CDA-9E27-4C322139E7C0}.Release|x64.Build.0 = Release|x64
		{463F2F65-0FF8-4CDA-9E27-4C322139E7C0}.Release|x86.ActiveCfg = Release|Win32
		{463F2F65-0FF8-4CDA-9E27-4C322139E7C0}.Release|x86.Build.0 = Release|Win32
		{A9696A97-4793-4A46-89A7-1E537E16EEFF}.Debug|x64.ActiveCfg = Debug|x64
		{A9696A97-4793-4A46-89A7-1E537E16EEFF}.Debug|x64.Build.0 = Debug|x64
		{A9696A97-4793-4A46-89A7-1E537E16EEFF}.Debug|x86.ActiveCfg = Debug|Win32
		{A9696A97-4793-4A46-89A7-1E537E16EEFF}.Debug|x86.Build.0 = Debug|Win32
		{A9696A97-4793-4A46-89A7-1E537E16EEFF}.Release|x64.ActiveCfg = Release|x64
		{A9696A97-4793-4A46-89A7-1E537E16EEFF}.Release|x64.Build.0 = Release|x64
		{A9696A97-4793-4A46-89A7-1E537E16EEFF}.Release|x86.ActiveCfg = Release|Win32
		{A9696A97-4793-4A46-89A7-1E537E16EEFF}.Release|x86.Build.0 = Release|Win32
		{3C667AF6-3900-4390-BA9D-7446AA533DCB}.Debug|x64.ActiveCfg = Debug|x64
		{3C667AF6-3900-4390-BA9D-7446AA533DCB}.Debug|x64.Build.0 = Debug|x64
		{3C667AF6-3900-4390-BA9D-7446AA533DCB}.Debug|x86.ActiveCfg = Debug|Win32
		{3C667AF6-3900-4390-BA9D-7446AA533DCB}.Debug|x86.Build.0 = Debug|Win32
		{3C667AF6-3900-4390-BA9D-7446AA533DCB}.Release|x64.ActiveCfg = Release|x64
		{3C667AF6-3900-4390-BA9D-7446AA533DCB}.Release|x64.Build.0 = Release|x64
		{3C667AF6-3900-4390-BA9D-7446AA533DCB}.Release|x86.ActiveCfg = Release|Win32
		{3C667AF6-3900-4390-BA9D-7446AA533DCB}.Release|x86.Build.0 = Release|Win32
		{2285E717-8705-48F9-A4BF-7FA7D604D503}.Debug|x64.ActiveCfg = Debug|x64
		{2285E717-8705-48F9-A4BF-7FA7D604D503}.Debug|x64.Build.0 = Debug|x64
		{2285E717-8705-48F9-A4BF-7FA7D604D503}.Debug|x86.ActiveCfg = Debug|Win32
		{2285E717-8705-48F9-A4BF-7FA7D604D503}.Debug|x86.Build.0 = Debug|Win32
		{2285E717-8705-48F9-A4BF-7FA7D604D503}.Release|x64.ActiveCfg = Release|x64
		{2285E717-8705-48F9-A4BF-7FA7D604D503}.Release|x64.Build.0 = Release|x64
		{2285E717-8705-48F9-A4BF-7FA7D604D503}.Release|x86.ActiveCfg = Release|Win32
		{2285E717-8705-48F9-A4BF-7FA7D604D503}.Release|x86.Build.0 = Release|Win32
		{08F509CC-C740-4AFD-8CE5-0F35BFB3531D}.Debug|x64.ActiveCfg = Debug|x64
		{08F509CC-C740-4AFD-8CE5-0F35BFB3531D}.Debug|x64.Build.0 = Debug|x64
		{08F509CC-C740-4AFD-8CE5-0F35BFB3531D}.Debug|x86.ActiveCfg = Debug|Win32
		{08F509CC-C740-4AFD-8CE5-0F35BFB3531D}.Debug|x86.Build.0 = Debug|Win32
		{08F509CC-C740-4AFD-8CE5-0F35BFB3531D}.Release|x64.ActiveCfg = Release|x64
		{08F509CC-C740-4AFD-8CE5-0F35BFB3531D}.Release|x64.Build.0 = Release|x64
		{08F509CC-C740-4AFD-8CE5-0F35BFB3531D}.Release|x86.ActiveCfg = Release|Win32
		{08F509CC-C740-4AFD-8CE5-0F35BFB3531D}.Release|x86.Build.0 = Release|Win32
		{529E0772-C395-4EEF-A19B-41E2F7521D69}.Debug|x64.ActiveCfg = Debug|x64
		{529E0772-C395-4EEF-A19B-41E2F7521D69}.Debug|x64.Build.0 = Debug|x64
		{529E0772-C395-4EEF-A19B-41E2F7521D69}.Debug|x86.ActiveCfg = Debug|Win32
		{529E0772-C395-4EEF-A19B-41E2F7521D69}.Debug|x86.Build.0 = Debug|Win32
		{529E0772-C395-4EEF-A19B-41E2F7521D69}.Release|x64.ActiveCfg = Release|x64
		{529E0772-C395-4EEF-A19B-41E2F7521D69}.Release|x64.Build.0 = Release|x64
		{529E0772-C395-4EEF-A19B-41E2F7521D69}.Release|x86.ActiveCfg = Release|Win32
		{529E0772-C395-4EEF-A19B-41E2F7521D69}.Release|x86.Build.0 = Release|Win32
		{F55C080F-DEED-4BBB-B147-7EFFF4A0AE5D}.Debug|x64.ActiveCfg = Debug|x64
		{F55C080F-DEED-4BBB-B147-7EFFF4A0AE5D}.Debug|x64.Build.0 = Debug|x64
		{F55C080F-DEED-4BBB-B147-7EFFF4A0AE5D}.Debug|x86.ActiveCfg = Debug|Win32
		{F55C080F-DEED-4BBB-B147-7EFFF4A0AE5D}.Debug|x86.Build.0 = Debug|Win32
		{F55C080F-DEED-4BBB-B147-7EFFF4A0AE5D}.Release|x64.ActiveCfg = Release|x64
		{F55C080F-DEED-4BBB-B147-7EFFF4A0AE5D}.Release|x64.Build.0 = Release|x64
		{F55C080F-DEED-4BBB-B147-7EFFF4A0AE5D}.Release|x86.ActiveCfg = Release|Win32
		{F55C080F-DEED-4BBB-B147-7EFFF4A0AE5D}.Release|x86.Build.0 = Release|Win32
		{FFCAE094-2BB7-433B-A1E2-E7E2136D0DFC}.Debug|x64.ActiveCfg = Debug|x64
		{FFCAE094-2BB7-433B-A1E2-E7E2136D0DFC}.Debug|x64.Build.0 = Debug|x64
		{FFCAE094-2BB7-433B-A1E2-E7E2136D0DFC}.Debug|x86.ActiveCfg = Debug|Win32
		{FFCAE094-2BB7-433B-A1E2-E7E2136D0DFC}.Debug|x86.Build.0 = Debug|Win32
		{FFCAE094-2BB7-433B-A1E2-E7E2136D0DFC}.Release|x64.ActiveCfg = Release|x64
		{FFCAE094-2BB7-433B-A1E2-E7E2136D0DFC}.Release|x64.Build.0 = Release|x64
		{FFCAE094-2BB7-433B-A1E2-E7E2136D0DFC}.Release|x86.ActiveCfg = Release|Win32
		{FFCAE094-2BB7-433B-A1E2-E7E2136D0DFC}.Release|x86.Build.0 = Release|Win32
		{7E886D78-99B0-462F-8C4C-E6201C3DA712}.Debug|x64.ActiveCfg = Debug|x64
		{7E886D78-99B0-462F-8C4C-E6201C3DA712}.Debug|x64.Build.0 = Debug|x64
		{7E886D78-99B0-462F-8C4C-E6201C3DA712}.Debug|x86.ActiveCfg = Debug|Win32
		{7E886D78-99B0-462F-8C4C-E6201C3DA712}.Debug|x86.Build.0 = Debug|Win32
		{7E886D78-99B0-462F-8C4C-E6201C3DA712}.Release|x64.ActiveCfg = Release|x64
		{7E886D78-99B0-462F-8C4C-E6201C3DA712}.Release|x64.Build.0 = Release|x64
		{7E886D78-99B0-462F-8C4C-E6201C3DA712}.Release|x86.ActiveCfg = Release|Win32
		{7E886D78-99B0-462F-8C4C-E6201C3DA712}.Release|x86.Build.0 = Release|Win32
		{EEEE38CB-F574-4601-A2D6-699BE72E6734}.Debug|x64.ActiveCfg = Debug|x64
		{EEEE38CB-F574-4601-A2D6-699BE72E6734}.Debug|x64.Build.0 = Debug|x64
		{EEEE38CB-F574-4601-A2D6-699BE72E6734}.Debug|x86.ActiveCfg = Debug|Win32
		{EEEE38CB-F574-4601-A2D6-699BE72E6734}.Debug|x86.Build.0 = Debug|Win32
		{EEEE38CB-F574-4601-A2D6-699BE72E6734}.Release|x64.ActiveCfg = Release|x64
		{EEEE38CB-F574-4601-A2D6-699BE72E6734}.Release|x64.Build.0 = Release|x64
		{EEEE38CB-F574-4601-A2D6-699BE72E6734}.Release|x86.ActiveCfg = Release|Win32
		{EEEE38CB-F574-4601-A2D6-699BE72E6734}.Release|x86.Build.0 = Release|Win32
		{D7EE7923-7AE4-4C57-A4F4-257C327D01AF}.Debug|x64.ActiveCfg = Debug|x64
		{D7EE7923-7AE4-4C57-A4F4-257C327D01AF}.Debug|x64.Build.0 = Debug|x64
		{D7EE7923-7AE4-4C57-A4F4-257C327D01AF}.Debug|x86.ActiveCfg = Debug|Win32
		{D7EE7923-7AE4-4C57-A4F4-257C327D01AF}.Debug|x86.Build.0 = Debug|Win32
		{D7EE7923-7AE4-4C57-A4F4-257C327D01AF}.Release|x64.ActiveCfg = Release|x64
		{D7EE7923-7AE4-4C57-A4F4-257C327D01AF}.Release|x64.Build.0 = Release|x64
		{D7EE7923-7AE4-4C57-A4F4-257C327D01AF}.Release|x86.ActiveCfg = Release|Win32
		{D7EE7923-7AE4-4C57-A4F4-257C327D01AF}.Release|x86.Build.0 = Release|Win32
		{E4F747C8-66C0-45A4-94EF-D6152E011543}.Debug|x64.ActiveCfg = Debug|x64
		{E4F747C8-66C0-45A4-94EF-D6152E011543}.Debug|x64.Build.0 = Debug|x64
		{E4F747C8-66C0-45A4-94EF-D6152E011543}.Debug|x86.ActiveCfg = Debug|Win32
		{E4F747C8-66C0-45A4-94EF-D6152E011543}.Debug|x86.Build.0 = Debug|Win32
		{E4F747C8-66C0-45A4-94EF-D6152E011543}.Release|x64.ActiveCfg = Release|x64
		{E4F747C8-66C0-45A4-94EF-D6152E011543}.Release|x64.Build.0 = Release|x64
		{E4F747C8-66C0-45A4-94EF-D6152E011543}.Release|x86.ActiveCfg = Release|Win32
		{E4F747C8-66C0-45A4-94EF-D6152E011543}.Release|x86.Build.0 = Release|Win32
		{851E7F21-F56D-4AC3-9772-527206E50A1C}.Debug|x64.ActiveCfg = Debug|x64
		{851E7F21-F56D-4AC3-9772-527206E50A1C}.Debug|x64.Build.0 = Debug|x64
		{851E7F21-F56D-4AC3-9772-527206E50A1C}.Debug|x86.ActiveCfg = Debug|Win32
		{851E7F21-F56D-4AC3-9772-527206E50A1C}.Debug|x86.Build.0 = Debug|Win32
		{851E7F21-F56D-4AC3-9772-527206E50A1C}.Release|x64.ActiveCfg = Release|x64
		{851E7F21-F56D-4AC3-9772-527206E50A1C}.Release|x64.Build.0 = Release|x64
		{851E7F21-F56D-4AC3-9772-527206E50A1C}.Release|x86.ActiveCfg = Release|Win32
		{851E7F21-F56D-4AC3-9772-527206E50A1C}.Release|x86.Build.0 = Release|Win32
		{BF40AD58-C8DF-4C8F-AF96-2C2050CC0B38}.Debug|x64.ActiveCfg = Debug|x64
		{BF40AD58-C8DF-4C8F-AF96-2C2050CC0B38}.Debug|x64.Build.0 = Debug|x64
		{BF40AD58-C8DF-4C8F-AF96-2C2050CC0B38}.Debug|x86.ActiveCfg = Debug|Win32
		{BF40AD58-C8DF-4C8F-AF96-2C2050CC0B38}.Debug|x86.Build.0 = Debug|Win32
		{BF40AD58-C8DF-4C8F-AF96-2C2050CC0B38}.Release|x64.ActiveCfg = Release|x64
		{BF40AD58-C8DF-4C8F-AF96-2C2050CC0B38}.Release|x64.Build.0 = Release|x64
		{BF40AD58-C8DF-4C8F-AF96-2C2050CC0B38}.Release|x86.ActiveCfg = Release|Win32
		{BF40AD58-C8DF-4C8F-AF96-2C2050CC0B38}.Release|x86.Build.0 = Release|Win32
		{6BD3E747-0768-4351-9282-2885B05A6E6A}.Debug|x64.ActiveCfg = Debug|x64
		{6BD3E747-0768-4351-9282-2885B05A6E6A}.Debug|x64.Build.0 = Debug|x64
		{6BD3E747-0768-4351-9282-2885B05A6E6A}.Debug|x86.ActiveCfg = Debug|Win32
		{6BD3E747-0768-4351-9282-2885B05A6E6A}.Debug|x86.Build.0 = Debug|Win32
		{6BD3E747-0768-4351-9282-2885B05A6E6A}.Release|x64.ActiveCfg = Release|x64
		{6BD3E747-0768-4351-9282-2885B05A6E6A}.Release|x64.Build.0 = Release|x64
		{6BD3E747-0768-4351-9282-2885B05A6E6A}.Release|x86.ActiveCfg = Release|Win32
		{6BD3E747-0768-4351-9282-2885B05A6E6A}.Release|x86.Build.0 = Release|Win32
		{CE687895-BBE2-4CC4-A865-E0A0B7B84A3A}.Debug|x64.ActiveCfg = Debug|x64
		{CE687895-BBE2-4CC4-A865-E0A0B7B84A3A}.Debug|x64.Build.0 = Debug|x64
		{CE687895-BBE2-4CC4-A865-E0A0B7B84A3A}.Debug|x86.ActiveCfg = Debug|Win32
		{CE687895-BBE2-4CC4-A865-E0A0B7B84A3A}.Debug|x86.Build.0 = Debug|Win32
		{CE687895-BBE2-4CC4-A865-E0A0B7B84A3A}.Release|x64.ActiveCfg = Release|x64
		{CE687895-BBE2-4CC4-A865-E0A0B7B84A3A}.Release|x64.Build.0 = Release|x64
		{CE687895-BBE2-4CC4-A865-E0A0B7B84A3A}.Release|x86.ActiveCfg = Release|Win32
		{CE687895-BBE2-4CC4-A865-E0A0B7B84A3A}.Release|x86.Build.0 = Release|Win32
		{2683DA80-E20F-46F1-B023-01A8C07B656C}.Debug|x64.ActiveCfg = Debug|x64
		{2683DA80-E20F-46F1-B023-01A8C07B656C}.Debug|x64.Build.0 = Debug|x64
		{2683DA80-E20F-46F1-B023-01A8C07B656C}.Debug|x86.ActiveCfg = Debug|Win32
		{2683DA80-E20F-46F1-B023-01A8C07B656C}.Debug|x86.Build.0 = Debug|Win32
		{2683DA80-E20F-46F1-B023-01A8C07B656C}.Release|x64.ActiveCfg = Release|x64
		{2683DA80-E20F-46F1-B023-01A8C07B656C}.Release|x64.Build.0 = Release|x64
		{2683DA80-E20F-46F1-B023-01A8C07B656C}.Release|x86.ActiveCfg = Release|Win32
		{2683DA80-E20F-46F1-B023-01A8C07B656C}.Release|x86.Build.0 = Release|Win32
		{76445883-6C52-4AE5-9814-B5332B741745}.Debug|x64.ActiveCfg = Debug|x64
		{76445883-6C52-4AE5-9814-B5332B741745}.Debug|x64.Build.0 = Debug|x64
		{76445883-6C52-4AE5-9814-B5332B741745}.Debug|x86.ActiveCfg = Debug|Win32
		{76445883-6C52-4AE5-9814-B5332B741745}.Debug|x86.Build.0 = Debug|Win32
		{76445883-6C52-4AE5-9814-B5332B741745}.Release|x64.ActiveCfg = Release|x64
		{76445883-6C52-4AE5-9814-B5332B741745}.Release|x64.Build.0 = Release|x64
		{76445883-6C52-4AE5-9814-B5332B741745}.Release|x86.ActiveCfg = Release|Win32
		{76445883-6C52-4AE5-9814-B5332B741745}.Release|x86.Build.0 = Release|Win32
		{6FFB5D10-C6A2-4BA2-8470-C5463A3FF47A}.Debug|x64.ActiveCfg = Debug|x64
		{6FFB5D10-C6A2-4BA2-8470-C5463A3FF47A}.Debug|x64.Build.0 = Debug|x64
		{6FFB5D10-C6A2-4BA2-8470-C5463A3FF47A}.Debug|x86.ActiveCfg = Debug|Win32
		{6FFB5D10-C6A2-4BA2-8470-C5463A3FF47A}.Debug|x86.Build.0 = Debug|Win32
		{6FFB5D10-C6A2-4BA2-8470-C5463A3FF47A}.Release|x64.ActiveCfg = Release|x64
		{6FFB5D10-C6A2-4BA2-8470-C5463A3FF47A}.Release|x64.Build.0 = Release|x64
		{6FFB5D10-C6A2-4BA2-8470-C5463A3FF47A}.Release|x86.ActiveCfg = Release|Win32
		{6FFB5D10-C6A2-4BA2-8470-C5463A3FF47A}.Release|x86.Build.0 = Release|Win32
		{DE156444-591A-4FF7-A257-D695995D683F}.Debug|x64.ActiveCfg = Debug|x64
		{DE156444-591A-4FF7-A257-D695995D683F}.Debug|x64.Build.0 = Debug|x64
		{DE156444-591A-4FF7-A257-D695995D683F}.Debug|x86.ActiveCfg = Debug|Win32
		{DE156444-591A-4FF7-A257-D695995D683F}.Debug|x86.Build.0 = Debug|Win32
		{DE156444-591A-4FF7-A257-D695995D683F}.Release|x64.ActiveCfg = Release|x64
		{DE156444-591A-4FF7-A257-D695995D683F}.Release|x64.Build.0 = Release|x64
		{DE156444-591A-4FF7-A257-D695995D683F}.Release|x86.ActiveCfg = Release|Win32
		{DE156444-591A-4FF7-A257-D695995D683F}.Release|x86.Build.0 = Release|Win32
		{70E79835-C533-4B16-A9EF-CFF3BB13AC72}.Debug|x64.ActiveCfg = Debug|x64
		{70E79835-C533-4B16-A9EF-CFF3BB13AC72}.Debug|x64.Build.0 = Debug|x64
		{70E79835-C533-4B16-A9EF-CFF3BB13AC72}.Debug|x86.ActiveCfg = Debug|Win32
		{70E79835-C533-4B16-A9EF-CFF3BB13AC72}.Debug|x86.Build.0 = Debug|Win32
		{70E79835-C533-4B16-A9EF-CFF3BB13AC72}.Release|x64.ActiveCfg = Release|x64
		{70E79835-C533-4B16-A9EF-CFF3BB13AC72}.Release|x64.Build.0 = Release|x64
		{70E79835-C533-4B16-A9EF-CFF3BB13AC72}.Release|x86.ActiveCfg = Release|Win32
		{70E79835-C533-4B16-A9EF-CFF3BB13AC72}.Release|x86.Build.0 = Release|Win32
		{449B544B-3AA2-4195-BF81-68AA71464904}.Debug|x64.ActiveCfg = Debug|x64
		{449B544B-3AA2-4195-BF81-68AA71464904}.Debug|x64.Build.0 = Debug|x64
		{449B544B-3AA2-4195-BF81-68AA71464904}.Debug|x86.ActiveCfg = Debug|Win32
		{449B544B-3AA2-4195-BF81-68AA71464904}.Debug|x86.Build.0 = Debug|Win32
		{449B544B-3AA2-4195-BF81-68AA71464904}.Release|x64.ActiveCfg = Release|x64
		{449B544B-3AA2-4195-BF81-68AA71464904}.Release|x64.Build.0 = Release|x64
		{449B544B-3AA2-4195-BF81-68AA71464904}.Release|x86.ActiveCfg = Release|Win32
		{449B544B-3AA2-4195-BF81-68AA71464904}.Release|x86.Build.0 = Release|Win32
		{32B26208-7BFC-4C59-B3D9-6942C8C9F72F}.Debug|x64.ActiveCfg = Debug|x64
		{32B26208-7BFC-4C59-B3D9-6942C8C9F72F}.Debug|x64.Build.0 = Debug|x64
		{32B26208-7BFC-4C59-B3D9-6942C8C9F72F}.Debug|x86.ActiveCfg = Debug|Win32
		{32B26208-7BFC-4C59-B3D9-6942C8C9F72F}.Debug|x86.Build.0 = Debug|Win32
		{32B26208-7BFC-4C59-B3D9-6942C8C9F72F}.Release|x64.ActiveCfg = Release|x64
		{32B26208-7BFC-4C59-B3D9-6942C8C9F72F}.Release|x64.Build.0 = Release|x64
		{32B26208-7BFC-4C59-B3D9-6942C8C9F72F}.Release|x86.ActiveCfg = Release|Win32
		{32B26208-7BFC-4C59-B3D9-6942C8C9F72F}.Release|x86.Build.0 = Release|Win32
		{4C05C753-D15A-45F2-B470-6428404161A4}.Debug|x64.ActiveCfg = Debug|x64
		{4C05C753-D15A-45F2-B470-6428404161A4}.Debug|x64.Build.0 = Debug|x64
		{4C05C753-D15A-45F2-B470-6428404161A4}.Debug|x86.ActiveCfg = Debug|Win32
		{4C05C753-D15A-45F2-B470-6428404161A4}.Debug|x86.Build.0 = Debug|Win32
		{4C05C753-D15A-45F2-B470-6428404161A4}.Release|x64.ActiveCfg = Release|x64
		{4C05C753-D15A-45F2-B470-6428404161A4}.Release|x64.Build.0 = Release|x64
		{4C05C753-D15A-45F2-B470-6428404161A4}.Release|x86.ActiveCfg = Release|Win32
		{4C05C753-D15A-45F2-B470-6428404161A4}.Release|x86.Build.0 = Release|Win32
		{11957E83-147E-4835-97BE-B248C0D5935A}.Debug|x64.ActiveCfg = Debug|x64
		{11957E83-147E-4835-97BE-B248C0D5935A}.Debug|x64.Build.0 = Debug|x64
		{11957E83-147E-4835-97BE-B248C0D5935A}.Debug|x86.ActiveCfg = Debug|Win32
		{11957E83-147E-4835-97BE-B248C0D5935A}.Debug|x86.Build.0 = Debug|Win32
		{11957E83-147E-4835-97BE-B248C0D5935A}.Release|x64.ActiveCfg = Release|x64
		{11957E83-147E-4835-97BE-B248C0D5935A}.Release|x64.Build.0 = Release|x64
		{11957E83-147E-4835-97BE-B248C0D5935A}.Release|x86.ActiveCfg = Release|Win32
		{11957E83-147E-4835-97BE-B248C0D5935A}.Release|x86.Build.0 = Release|Win32
	EndGlobalSection
	GlobalSection(SolutionProperties) = preSolution
		HideSolutionNode = FALSE
	EndGlobalSection
EndGlobal
